
Microsoft Visual Studio Solution File, Format Version 12.00
# Visual Studio Version 16
VisualStudioVersion = 16.0.29418.71
MinimumVisualStudioVersion = 10.0.40219.1
Project("{FAE04EC0-301F-11D3-BF4B-00C04F79EFBC}") = "FeatureToggleService", "FeatureToggleService\FeatureToggleService.csproj", "{ACF05871-13DD-4EA2-8E72-7EB769F61D2E}"
EndProject
Project("{FAE04EC0-301F-11D3-BF4B-00C04F79EFBC}") = "FeatureToggleServiceCore", "FeatureToggleServiceCore\FeatureToggleServiceCore.csproj", "{E60BD077-338D-4DA9-AC63-F02832A98676}"
EndProject
Project("{FAE04EC0-301F-11D3-BF4B-00C04F79EFBC}") = "FeatureToggleServiceInfrastructure", "FeatureToggleServiceInfrastructure\FeatureToggleServiceInfrastructure.csproj", "{FC96E72F-E996-4DA2-A49E-9BB3EA479890}"
EndProject
Global
	GlobalSection(SolutionConfigurationPlatforms) = preSolution
		Debug|Any CPU = Debug|Any CPU
		Release|Any CPU = Release|Any CPU
	EndGlobalSection
	GlobalSection(ProjectConfigurationPlatforms) = postSolution
		{ACF05871-13DD-4EA2-8E72-7EB769F61D2E}.Debug|Any CPU.ActiveCfg = Debug|Any CPU
		{ACF05871-13DD-4EA2-8E72-7EB769F61D2E}.Debug|Any CPU.Build.0 = Debug|Any CPU
		{ACF05871-13DD-4EA2-8E72-7EB769F61D2E}.Release|Any CPU.ActiveCfg = Release|Any CPU
		{ACF05871-13DD-4EA2-8E72-7EB769F61D2E}.Release|Any CPU.Build.0 = Release|Any CPU
		{E60BD077-338D-4DA9-AC63-F02832A98676}.Debug|Any CPU.ActiveCfg = Debug|Any CPU
		{E60BD077-338D-4DA9-AC63-F02832A98676}.Debug|Any CPU.Build.0 = Debug|Any CPU
		{E60BD077-338D-4DA9-AC63-F02832A98676}.Release|Any CPU.ActiveCfg = Release|Any CPU
		{E60BD077-338D-4DA9-AC63-F02832A98676}.Release|Any CPU.Build.0 = Release|Any CPU
		{FC96E72F-E996-4DA2-A49E-9BB3EA479890}.Debug|Any CPU.ActiveCfg = Debug|Any CPU
		{FC96E72F-E996-4DA2-A49E-9BB3EA479890}.Debug|Any CPU.Build.0 = Debug|Any CPU
		{FC96E72F-E996-4DA2-A49E-9BB3EA479890}.Release|Any CPU.ActiveCfg = Release|Any CPU
		{FC96E72F-E996-4DA2-A49E-9BB3EA479890}.Release|Any CPU.Build.0 = Release|Any CPU
	EndGlobalSection
	GlobalSection(SolutionProperties) = preSolution
		HideSolutionNode = FALSE
	EndGlobalSection
	GlobalSection(ExtensibilityGlobals) = postSolution
		SolutionGuid = {167534F1-2EDC-47DD-9F70-E4C538EC7C6D}
	EndGlobalSection
EndGlobal
